
Microsoft Visual Studio Solution File, Format Version 12.00
# Visual Studio Version 16
VisualStudioVersion = 16.0.30907.101
MinimumVisualStudioVersion = 10.0.40219.1
Project("{9A19103F-16F7-4668-BE54-9A1E7A4F7556}") = "Photory", "Photory\Photory.csproj", "{4655350C-D142-4AE3-B176-F6083C81B37F}"
EndProject
Project("{9A19103F-16F7-4668-BE54-9A1E7A4F7556}") = "PhotoryModels", "PhotoryModels\PhotoryModels.csproj", "{0C5B2329-080C-486B-9CF5-375104FB380B}"
EndProject
Project("{9A19103F-16F7-4668-BE54-9A1E7A4F7556}") = "PhotoryData", "PhotoryData\PhotoryData.csproj", "{C0132598-61D5-4109-89A1-06DC51FAA7EE}"
EndProject
Project("{9A19103F-16F7-4668-BE54-9A1E7A4F7556}") = "PhotoryRepository", "PhotoryRepository\PhotoryRepository.csproj", "{0CE8FE89-C9D0-40E6-8E8F-CA4B1B0939ED}"
EndProject
Project("{FAE04EC0-301F-11D3-BF4B-00C04F79EFBC}") = "PhotoryLogic", "PhotoryLogic\PhotoryLogic.csproj", "{B8EB5979-9E0D-4ADC-BECE-23B3FB4D1141}"
EndProject
Global
	GlobalSection(SolutionConfigurationPlatforms) = preSolution
		Debug|Any CPU = Debug|Any CPU
		Release|Any CPU = Release|Any CPU
	EndGlobalSection
	GlobalSection(ProjectConfigurationPlatforms) = postSolution
		{4655350C-D142-4AE3-B176-F6083C81B37F}.Debug|Any CPU.ActiveCfg = Debug|Any CPU
		{4655350C-D142-4AE3-B176-F6083C81B37F}.Debug|Any CPU.Build.0 = Debug|Any CPU
		{4655350C-D142-4AE3-B176-F6083C81B37F}.Release|Any CPU.ActiveCfg = Release|Any CPU
		{4655350C-D142-4AE3-B176-F6083C81B37F}.Release|Any CPU.Build.0 = Release|Any CPU
		{0C5B2329-080C-486B-9CF5-375104FB380B}.Debug|Any CPU.ActiveCfg = Debug|Any CPU
		{0C5B2329-080C-486B-9CF5-375104FB380B}.Debug|Any CPU.Build.0 = Debug|Any CPU
		{0C5B2329-080C-486B-9CF5-375104FB380B}.Release|Any CPU.ActiveCfg = Release|Any CPU
		{0C5B2329-080C-486B-9CF5-375104FB380B}.Release|Any CPU.Build.0 = Release|Any CPU
		{C0132598-61D5-4109-89A1-06DC51FAA7EE}.Debug|Any CPU.ActiveCfg = Debug|Any CPU
		{C0132598-61D5-4109-89A1-06DC51FAA7EE}.Debug|Any CPU.Build.0 = Debug|Any CPU
		{C0132598-61D5-4109-89A1-06DC51FAA7EE}.Release|Any CPU.ActiveCfg = Release|Any CPU
		{C0132598-61D5-4109-89A1-06DC51FAA7EE}.Release|Any CPU.Build.0 = Release|Any CPU
		{0CE8FE89-C9D0-40E6-8E8F-CA4B1B0939ED}.Debug|Any CPU.ActiveCfg = Debug|Any CPU
		{0CE8FE89-C9D0-40E6-8E8F-CA4B1B0939ED}.Debug|Any CPU.Build.0 = Debug|Any CPU
		{0CE8FE89-C9D0-40E6-8E8F-CA4B1B0939ED}.Release|Any CPU.ActiveCfg = Release|Any CPU
		{0CE8FE89-C9D0-40E6-8E8F-CA4B1B0939ED}.Release|Any CPU.Build.0 = Release|Any CPU
		{B8EB5979-9E0D-4ADC-BECE-23B3FB4D1141}.Debug|Any CPU.ActiveCfg = Debug|Any CPU
		{B8EB5979-9E0D-4ADC-BECE-23B3FB4D1141}.Debug|Any CPU.Build.0 = Debug|Any CPU
		{B8EB5979-9E0D-4ADC-BECE-23B3FB4D1141}.Release|Any CPU.ActiveCfg = Release|Any CPU
		{B8EB5979-9E0D-4ADC-BECE-23B3FB4D1141}.Release|Any CPU.Build.0 = Release|Any CPU
	EndGlobalSection
	GlobalSection(SolutionProperties) = preSolution
		HideSolutionNode = FALSE
	EndGlobalSection
	GlobalSection(ExtensibilityGlobals) = postSolution
		SolutionGuid = {D078C3E7-B5EE-49FC-A406-58E0BCDFEB75}
	EndGlobalSection
EndGlobal
